
Microsoft Visual Studio Solution File, Format Version 11.00
# Visual Studio 2010
Project("{FAE04EC0-301F-11D3-BF4B-00C04F79EFBC}") = "JeffreyWisniewskiWeb", "JeffreyWisniewskiWeb\JeffreyWisniewskiWeb.csproj", "{2B11227F-0D0A-4883-915E-BBC96027CE08}"
EndProject
Global
	GlobalSection(SolutionConfigurationPlatforms) = preSolution
		Debug|Any CPU = Debug|Any CPU
		Release|Any CPU = Release|Any CPU
	EndGlobalSection
	GlobalSection(ProjectConfigurationPlatforms) = postSolution
		{2B11227F-0D0A-4883-915E-BBC96027CE08}.Debug|Any CPU.ActiveCfg = Debug|Any CPU
		{2B11227F-0D0A-4883-915E-BBC96027CE08}.Debug|Any CPU.Build.0 = Debug|Any CPU
		{2B11227F-0D0A-4883-915E-BBC96027CE08}.Release|Any CPU.ActiveCfg = Release|Any CPU
		{2B11227F-0D0A-4883-915E-BBC96027CE08}.Release|Any CPU.Build.0 = Release|Any CPU
	EndGlobalSection
	GlobalSection(SolutionProperties) = preSolution
		HideSolutionNode = FALSE
	EndGlobalSection
EndGlobal
